<?xml version="1.0" encoding="utf-8"?>
<Project ToolsVersion="4.0" xmlns="http://schemas.microsoft.com/developer/msbuild/2003">
  <ItemGroup>
    <Filter Include="Source Files">
      <UniqueIdentifier>{4FC737F1-C7A5-4376-A066-2A32D752A2FF}</UniqueIdentifier>
      <Extensions>cpp;c;cc;cxx;def;odl;idl;hpj;bat;asm;asmx</Extensions>
    </Filter>
    <Filter Include="Header Files">
      <UniqueIdentifier>{93995380-89BD-4b04-88EB-625FBE52EBFB}</UniqueIdentifier>
      <Extensions>h;hpp;hxx;hm;inl;inc;xsd</Extensions>
    </Filter>
    <Filter Include="Resource Files">
      <UniqueIdentifier>{67DA6AB6-F800-4c08-8B7A-83BB121AAD01}</UniqueIdentifier>
      <Extensions>rc;ico;cur;bmp;dlg;rc2;rct;bin;rgs;gif;jpg;jpeg;jpe;resx;tiff;tif;png;wav;mfcribbon-ms</Extensions>
    </Filter>
    <Filter Include="client">
      <UniqueIdentifier>{daffe5b2-9e92-472c-874d-718c34dd01ff}</UniqueIdentifier>
    </Filter>
    <Filter Include="server">
      <UniqueIdentifier>{a30b33e0-e8ec-470c-8be5-fabb48b2c8ec}</UniqueIdentifier>
    </Filter>
  </ItemGroup>
  <ItemGroup>
    <ClCompile Include="..\examples\client\client.c">
      <Filter>client</Filter>
    </ClCompile>
    <ClCompile Include="..\examples\server\server.c">
      <Filter>server</Filter>
    </ClCompile>
    <ClCompile Include="imcon.c">
      <Filter>Source Files</Filter>
    </ClCompile>
  </ItemGroup>
  <ItemGroup>
    <ClInclude Include="imcon.h">
      <Filter>Source Files</Filter>
    </ClInclude>
    <ClInclude Include="..\doc\imcon_public.h">
      <Filter>Header Files</Filter>
    </ClInclude>
  </ItemGroup>
</Project>